
Microsoft Visual Studio Solution File, Format Version 12.00
# Visual Studio Version 17
VisualStudioVersion = 17.5.33627.172
MinimumVisualStudioVersion = 10.0.40219.1
Project("{FAE04EC0-301F-11D3-BF4B-00C04F79EFBC}") = "SunnyCalculator", "SunnyCalculator\SunnyCalculator.csproj", "{950465C5-2A8D-44D3-BDD6-C20E666A1E65}"
EndProject
Global
	GlobalSection(SolutionConfigurationPlatforms) = preSolution
		Debug|Any CPU = Debug|Any CPU
		Release|Any CPU = Release|Any CPU
	EndGlobalSection
	GlobalSection(ProjectConfigurationPlatforms) = postSolution
		{950465C5-2A8D-44D3-BDD6-C20E666A1E65}.Debug|Any CPU.ActiveCfg = Debug|Any CPU
		{950465C5-2A8D-44D3-BDD6-C20E666A1E65}.Debug|Any CPU.Build.0 = Debug|Any CPU
		{950465C5-2A8D-44D3-BDD6-C20E666A1E65}.Release|Any CPU.ActiveCfg = Release|Any CPU
		{950465C5-2A8D-44D3-BDD6-C20E666A1E65}.Release|Any CPU.Build.0 = Release|Any CPU
	EndGlobalSection
	GlobalSection(SolutionProperties) = preSolution
		HideSolutionNode = FALSE
	EndGlobalSection
	GlobalSection(ExtensibilityGlobals) = postSolution
		SolutionGuid = {7BEE3407-61AE-4FD6-B191-0E25E3B4A3D6}
	EndGlobalSection
EndGlobal
